
Microsoft Visual Studio Solution File, Format Version 12.00
# Visual Studio Version 17
VisualStudioVersion = 17.11.35327.3
MinimumVisualStudioVersion = 10.0.40219.1
Project("{FAE04EC0-301F-11D3-BF4B-00C04F79EFBC}") = "WinBootStrapper", "src\WinBootStrapper\WinBootStrapper.csproj", "{598685F2-7081-45F3-B0D2-64AD04C32C61}"
EndProject
Project("{FAE04EC0-301F-11D3-BF4B-00C04F79EFBC}") = "Core", "src\Core\Core.csproj", "{125D0F2B-9098-4404-B6E5-B876F4FE636F}"
EndProject
Project("{FAE04EC0-301F-11D3-BF4B-00C04F79EFBC}") = "Core.UnitTests", "src\tests\Core.UnitTests\Core.UnitTests.csproj", "{52C5B9DA-9D6D-4D78-8D9F-734B4CB5337B}"
EndProject
Project("{FAE04EC0-301F-11D3-BF4B-00C04F79EFBC}") = "FakeAppToTest", "FakeAppToTest\FakeAppToTest.csproj", "{B5904CB1-04A0-421D-83FC-9B1867167684}"
EndProject
Global
	GlobalSection(SolutionConfigurationPlatforms) = preSolution
		Debug|Any CPU = Debug|Any CPU
		Release|Any CPU = Release|Any CPU
	EndGlobalSection
	GlobalSection(ProjectConfigurationPlatforms) = postSolution
		{598685F2-7081-45F3-B0D2-64AD04C32C61}.Debug|Any CPU.ActiveCfg = Debug|Any CPU
		{598685F2-7081-45F3-B0D2-64AD04C32C61}.Debug|Any CPU.Build.0 = Debug|Any CPU
		{598685F2-7081-45F3-B0D2-64AD04C32C61}.Release|Any CPU.ActiveCfg = Release|Any CPU
		{598685F2-7081-45F3-B0D2-64AD04C32C61}.Release|Any CPU.Build.0 = Release|Any CPU
		{125D0F2B-9098-4404-B6E5-B876F4FE636F}.Debug|Any CPU.ActiveCfg = Debug|Any CPU
		{125D0F2B-9098-4404-B6E5-B876F4FE636F}.Debug|Any CPU.Build.0 = Debug|Any CPU
		{125D0F2B-9098-4404-B6E5-B876F4FE636F}.Release|Any CPU.ActiveCfg = Release|Any CPU
		{125D0F2B-9098-4404-B6E5-B876F4FE636F}.Release|Any CPU.Build.0 = Release|Any CPU
		{52C5B9DA-9D6D-4D78-8D9F-734B4CB5337B}.Debug|Any CPU.ActiveCfg = Debug|Any CPU
		{52C5B9DA-9D6D-4D78-8D9F-734B4CB5337B}.Debug|Any CPU.Build.0 = Debug|Any CPU
		{52C5B9DA-9D6D-4D78-8D9F-734B4CB5337B}.Release|Any CPU.ActiveCfg = Release|Any CPU
		{52C5B9DA-9D6D-4D78-8D9F-734B4CB5337B}.Release|Any CPU.Build.0 = Release|Any CPU
		{B5904CB1-04A0-421D-83FC-9B1867167684}.Debug|Any CPU.ActiveCfg = Debug|Any CPU
		{B5904CB1-04A0-421D-83FC-9B1867167684}.Debug|Any CPU.Build.0 = Debug|Any CPU
		{B5904CB1-04A0-421D-83FC-9B1867167684}.Release|Any CPU.ActiveCfg = Release|Any CPU
		{B5904CB1-04A0-421D-83FC-9B1867167684}.Release|Any CPU.Build.0 = Release|Any CPU
	EndGlobalSection
	GlobalSection(SolutionProperties) = preSolution
		HideSolutionNode = FALSE
	EndGlobalSection
	GlobalSection(ExtensibilityGlobals) = postSolution
		SolutionGuid = {BB968000-9C4E-4F8F-9096-BDEB63374ECA}
	EndGlobalSection
EndGlobal
